
Microsoft Visual Studio Solution File, Format Version 12.00
# Visual Studio 14
VisualStudioVersion = 14.0.25420.1
MinimumVisualStudioVersion = 10.0.40219.1
Project("{2150E333-8FDC-42A3-9474-1A3956D46DE8}") = "Engine", "Engine", "{99676D84-C7FA-4409-9907-0E99048F4E04}"
EndProject
Project("{2150E333-8FDC-42A3-9474-1A3956D46DE8}") = "Games", "Games", "{FFBAF3D9-02E6-4A8C-B62E-1A72D5983E4A}"
EndProject
Project("{8BC9CEB8-8B4A-11D0-8D11-00A0C91BC942}") = "UE4", "Intermediate\ProjectFiles\UE4.vcxproj", "{1C83AF7C-B765-4B97-A549-95DD2F1D2C84}"
EndProject
Project("{8BC9CEB8-8B4A-11D0-8D11-00A0C91BC942}") = "tower_climb", "Intermediate\ProjectFiles\tower_climb.vcxproj", "{D0324670-50CD-44E7-9757-B863172695AF}"
EndProject
Global
	GlobalSection(SolutionConfigurationPlatforms) = preSolution
		DebugGame Editor|Android = DebugGame Editor|Android
		DebugGame Editor|HTML5 = DebugGame Editor|HTML5
		DebugGame Editor|Win32 = DebugGame Editor|Win32
		DebugGame Editor|Win64 = DebugGame Editor|Win64
		DebugGame|Android = DebugGame|Android
		DebugGame|HTML5 = DebugGame|HTML5
		DebugGame|Win32 = DebugGame|Win32
		DebugGame|Win64 = DebugGame|Win64
		Development Editor|Android = Development Editor|Android
		Development Editor|HTML5 = Development Editor|HTML5
		Development Editor|Win32 = Development Editor|Win32
		Development Editor|Win64 = Development Editor|Win64
		Development|Android = Development|Android
		Development|HTML5 = Development|HTML5
		Development|Win32 = Development|Win32
		Development|Win64 = Development|Win64
		Shipping|Android = Shipping|Android
		Shipping|HTML5 = Shipping|HTML5
		Shipping|Win32 = Shipping|Win32
		Shipping|Win64 = Shipping|Win64
	EndGlobalSection
	GlobalSection(ProjectConfigurationPlatforms) = postSolution
		{1C83AF7C-B765-4B97-A549-95DD2F1D2C84}.DebugGame Editor|Android.ActiveCfg = BuiltWithUnrealBuildTool|Win32
		{1C83AF7C-B765-4B97-A549-95DD2F1D2C84}.DebugGame Editor|Android.Build.0 = BuiltWithUnrealBuildTool|Win32
		{1C83AF7C-B765-4B97-A549-95DD2F1D2C84}.DebugGame Editor|HTML5.ActiveCfg = BuiltWithUnrealBuildTool|Win32
		{1C83AF7C-B765-4B97-A549-95DD2F1D2C84}.DebugGame Editor|HTML5.Build.0 = BuiltWithUnrealBuildTool|Win32
		{1C83AF7C-B765-4B97-A549-95DD2F1D2C84}.DebugGame Editor|Win32.ActiveCfg = BuiltWithUnrealBuildTool|Win32
		{1C83AF7C-B765-4B97-A549-95DD2F1D2C84}.DebugGame Editor|Win32.Build.0 = BuiltWithUnrealBuildTool|Win32
		{1C83AF7C-B765-4B97-A549-95DD2F1D2C84}.DebugGame Editor|Win64.ActiveCfg = BuiltWithUnrealBuildTool|Win32
		{1C83AF7C-B765-4B97-A549-95DD2F1D2C84}.DebugGame Editor|Win64.Build.0 = BuiltWithUnrealBuildTool|Win32
		{1C83AF7C-B765-4B97-A549-95DD2F1D2C84}.DebugGame|Android.ActiveCfg = BuiltWithUnrealBuildTool|Win32
		{1C83AF7C-B765-4B97-A549-95DD2F1D2C84}.DebugGame|Android.Build.0 = BuiltWithUnrealBuildTool|Win32
		{1C83AF7C-B765-4B97-A549-95DD2F1D2C84}.DebugGame|HTML5.ActiveCfg = BuiltWithUnrealBuildTool|Win32
		{1C83AF7C-B765-4B97-A549-95DD2F1D2C84}.DebugGame|HTML5.Build.0 = BuiltWithUnrealBuildTool|Win32
		{1C83AF7C-B765-4B97-A549-95DD2F1D2C84}.DebugGame|Win32.ActiveCfg = BuiltWithUnrealBuildTool|Win32
		{1C83AF7C-B765-4B97-A549-95DD2F1D2C84}.DebugGame|Win32.Build.0 = BuiltWithUnrealBuildTool|Win32
		{1C83AF7C-B765-4B97-A549-95DD2F1D2C84}.DebugGame|Win64.ActiveCfg = BuiltWithUnrealBuildTool|Win32
		{1C83AF7C-B765-4B97-A549-95DD2F1D2C84}.DebugGame|Win64.Build.0 = BuiltWithUnrealBuildTool|Win32
		{1C83AF7C-B765-4B97-A549-95DD2F1D2C84}.Development Editor|Android.ActiveCfg = BuiltWithUnrealBuildTool|Win32
		{1C83AF7C-B765-4B97-A549-95DD2F1D2C84}.Development Editor|Android.Build.0 = BuiltWithUnrealBuildTool|Win32
		{1C83AF7C-B765-4B97-A549-95DD2F1D2C84}.Development Editor|HTML5.ActiveCfg = BuiltWithUnrealBuildTool|Win32
		{1C83AF7C-B765-4B97-A549-95DD2F1D2C84}.Development Editor|HTML5.Build.0 = BuiltWithUnrealBuildTool|Win32
		{1C83AF7C-B765-4B97-A549-95DD2F1D2C84}.Development Editor|Win32.ActiveCfg = BuiltWithUnrealBuildTool|Win32
		{1C83AF7C-B765-4B97-A549-95DD2F1D2C84}.Development Editor|Win32.Build.0 = BuiltWithUnrealBuildTool|Win32
		{1C83AF7C-B765-4B97-A549-95DD2F1D2C84}.Development Editor|Win64.ActiveCfg = BuiltWithUnrealBuildTool|Win32
		{1C83AF7C-B765-4B97-A549-95DD2F1D2C84}.Development Editor|Win64.Build.0 = BuiltWithUnrealBuildTool|Win32
		{1C83AF7C-B765-4B97-A549-95DD2F1D2C84}.Development|Android.ActiveCfg = BuiltWithUnrealBuildTool|Win32
		{1C83AF7C-B765-4B97-A549-95DD2F1D2C84}.Development|Android.Build.0 = BuiltWithUnrealBuildTool|Win32
		{1C83AF7C-B765-4B97-A549-95DD2F1D2C84}.Development|HTML5.ActiveCfg = BuiltWithUnrealBuildTool|Win32
		{1C83AF7C-B765-4B97-A549-95DD2F1D2C84}.Development|HTML5.Build.0 = BuiltWithUnrealBuildTool|Win32
		{1C83AF7C-B765-4B97-A549-95DD2F1D2C84}.Development|Win32.ActiveCfg = BuiltWithUnrealBuildTool|Win32
		{1C83AF7C-B765-4B97-A549-95DD2F1D2C84}.Development|Win32.Build.0 = BuiltWithUnrealBuildTool|Win32
		{1C83AF7C-B765-4B97-A549-95DD2F1D2C84}.Development|Win64.ActiveCfg = BuiltWithUnrealBuildTool|Win32
		{1C83AF7C-B765-4B97-A549-95DD2F1D2C84}.Development|Win64.Build.0 = BuiltWithUnrealBuildTool|Win32
		{1C83AF7C-B765-4B97-A549-95DD2F1D2C84}.Shipping|Android.ActiveCfg = BuiltWithUnrealBuildTool|Win32
		{1C83AF7C-B765-4B97-A549-95DD2F1D2C84}.Shipping|Android.Build.0 = BuiltWithUnrealBuildTool|Win32
		{1C83AF7C-B765-4B97-A549-95DD2F1D2C84}.Shipping|HTML5.ActiveCfg = BuiltWithUnrealBuildTool|Win32
		{1C83AF7C-B765-4B97-A549-95DD2F1D2C84}.Shipping|HTML5.Build.0 = BuiltWithUnrealBuildTool|Win32
		{1C83AF7C-B765-4B97-A549-95DD2F1D2C84}.Shipping|Win32.ActiveCfg = BuiltWithUnrealBuildTool|Win32
		{1C83AF7C-B765-4B97-A549-95DD2F1D2C84}.Shipping|Win32.Build.0 = BuiltWithUnrealBuildTool|Win32
		{1C83AF7C-B765-4B97-A549-95DD2F1D2C84}.Shipping|Win64.ActiveCfg = BuiltWithUnrealBuildTool|Win32
		{1C83AF7C-B765-4B97-A549-95DD2F1D2C84}.Shipping|Win64.Build.0 = BuiltWithUnrealBuildTool|Win32
		{D0324670-50CD-44E7-9757-B863172695AF}.DebugGame Editor|Android.ActiveCfg = DebugGame_Editor|Tegra-Android
		{D0324670-50CD-44E7-9757-B863172695AF}.DebugGame Editor|HTML5.ActiveCfg = HTML5_DebugGame_Editor|Win32
		{D0324670-50CD-44E7-9757-B863172695AF}.DebugGame Editor|Win32.ActiveCfg = DebugGame_Editor|Win32
		{D0324670-50CD-44E7-9757-B863172695AF}.DebugGame Editor|Win64.ActiveCfg = DebugGame_Editor|x64
		{D0324670-50CD-44E7-9757-B863172695AF}.DebugGame Editor|Win64.Build.0 = DebugGame_Editor|x64
		{D0324670-50CD-44E7-9757-B863172695AF}.DebugGame|Android.ActiveCfg = DebugGame_Game|Tegra-Android
		{D0324670-50CD-44E7-9757-B863172695AF}.DebugGame|Android.Build.0 = DebugGame_Game|Tegra-Android
		{D0324670-50CD-44E7-9757-B863172695AF}.DebugGame|HTML5.ActiveCfg = HTML5_DebugGame_Game|Win32
		{D0324670-50CD-44E7-9757-B863172695AF}.DebugGame|HTML5.Build.0 = HTML5_DebugGame_Game|Win32
		{D0324670-50CD-44E7-9757-B863172695AF}.DebugGame|Win32.ActiveCfg = DebugGame_Game|Win32
		{D0324670-50CD-44E7-9757-B863172695AF}.DebugGame|Win32.Build.0 = DebugGame_Game|Win32
		{D0324670-50CD-44E7-9757-B863172695AF}.DebugGame|Win64.ActiveCfg = DebugGame_Game|x64
		{D0324670-50CD-44E7-9757-B863172695AF}.DebugGame|Win64.Build.0 = DebugGame_Game|x64
		{D0324670-50CD-44E7-9757-B863172695AF}.Development Editor|Android.ActiveCfg = Development_Editor|Tegra-Android
		{D0324670-50CD-44E7-9757-B863172695AF}.Development Editor|HTML5.ActiveCfg = HTML5_Development_Editor|Win32
		{D0324670-50CD-44E7-9757-B863172695AF}.Development Editor|Win32.ActiveCfg = Development_Editor|Win32
		{D0324670-50CD-44E7-9757-B863172695AF}.Development Editor|Win64.ActiveCfg = Development_Editor|x64
		{D0324670-50CD-44E7-9757-B863172695AF}.Development Editor|Win64.Build.0 = Development_Editor|x64
		{D0324670-50CD-44E7-9757-B863172695AF}.Development|Android.ActiveCfg = Development_Game|Tegra-Android
		{D0324670-50CD-44E7-9757-B863172695AF}.Development|Android.Build.0 = Development_Game|Tegra-Android
		{D0324670-50CD-44E7-9757-B863172695AF}.Development|HTML5.ActiveCfg = HTML5_Development_Game|Win32
		{D0324670-50CD-44E7-9757-B863172695AF}.Development|HTML5.Build.0 = HTML5_Development_Game|Win32
		{D0324670-50CD-44E7-9757-B863172695AF}.Development|Win32.ActiveCfg = Development_Game|Win32
		{D0324670-50CD-44E7-9757-B863172695AF}.Development|Win32.Build.0 = Development_Game|Win32
		{D0324670-50CD-44E7-9757-B863172695AF}.Development|Win64.ActiveCfg = Development_Game|x64
		{D0324670-50CD-44E7-9757-B863172695AF}.Development|Win64.Build.0 = Development_Game|x64
		{D0324670-50CD-44E7-9757-B863172695AF}.Shipping|Android.ActiveCfg = Shipping_Game|Tegra-Android
		{D0324670-50CD-44E7-9757-B863172695AF}.Shipping|Android.Build.0 = Shipping_Game|Tegra-Android
		{D0324670-50CD-44E7-9757-B863172695AF}.Shipping|HTML5.ActiveCfg = HTML5_Shipping_Game|Win32
		{D0324670-50CD-44E7-9757-B863172695AF}.Shipping|HTML5.Build.0 = HTML5_Shipping_Game|Win32
		{D0324670-50CD-44E7-9757-B863172695AF}.Shipping|Win32.ActiveCfg = Shipping_Game|Win32
		{D0324670-50CD-44E7-9757-B863172695AF}.Shipping|Win32.Build.0 = Shipping_Game|Win32
		{D0324670-50CD-44E7-9757-B863172695AF}.Shipping|Win64.ActiveCfg = Shipping_Game|x64
		{D0324670-50CD-44E7-9757-B863172695AF}.Shipping|Win64.Build.0 = Shipping_Game|x64
	EndGlobalSection
	GlobalSection(SolutionProperties) = preSolution
		HideSolutionNode = FALSE
	EndGlobalSection
	GlobalSection(NestedProjects) = preSolution
		{1C83AF7C-B765-4B97-A549-95DD2F1D2C84} = {99676D84-C7FA-4409-9907-0E99048F4E04}
		{D0324670-50CD-44E7-9757-B863172695AF} = {FFBAF3D9-02E6-4A8C-B62E-1A72D5983E4A}
	EndGlobalSection
EndGlobal
